// !$*UTF8*$!
{
	archiveVersion = 1;
	classes = {
	};
	objectVersion = 46;
	objects = {

/* Begin PBXBuildFile section */
		8B31733F17F370A800B21FF4 /* DataCacher.m in Sources */ = {isa = PBXBuildFile; fileRef = 8B31733E17F370A800B21FF4 /* DataCacher.m */; };
		8B31734B17F637AD00B21FF4 /* SPoT.xcdatamodeld in Sources */ = {isa = PBXBuildFile; fileRef = 8B31734917F637AD00B21FF4 /* SPoT.xcdatamodeld */; };
		8B31735017F639B800B21FF4 /* CoreData.framework in Frameworks */ = {isa = PBXBuildFile; fileRef = 8B31734F17F639B800B21FF4 /* CoreData.framework */; };
		8B31735F17F63C9B00B21FF4 /* Photo+Flickr.m in Sources */ = {isa = PBXBuildFile; fileRef = 8B31735E17F63C9B00B21FF4 /* Photo+Flickr.m */; };
		8B31736817F642CB00B21FF4 /* Tag+Create.m in Sources */ = {isa = PBXBuildFile; fileRef = 8B31736717F642CB00B21FF4 /* Tag+Create.m */; };
		8B31737117F65FF500B21FF4 /* CoreDataTableViewController.m in Sources */ = {isa = PBXBuildFile; fileRef = 8B31737017F65FF500B21FF4 /* CoreDataTableViewController.m */; };
		8B31737417F6607500B21FF4 /* TagsCDTVC.m in Sources */ = {isa = PBXBuildFile; fileRef = 8B31737317F6607500B21FF4 /* TagsCDTVC.m */; };
		8B31737717F6668800B21FF4 /* StanfordTagsCDTVC.m in Sources */ = {isa = PBXBuildFile; fileRef = 8B31737617F6668800B21FF4 /* StanfordTagsCDTVC.m */; };
		8B31737A17F66C4400B21FF4 /* PhotosWithTagsCDTVC.m in Sources */ = {isa = PBXBuildFile; fileRef = 8B31737917F66C4400B21FF4 /* PhotosWithTagsCDTVC.m */; };
		8B31738617F7142100B21FF4 /* SharedDocumentHandler.m in Sources */ = {isa = PBXBuildFile; fileRef = 8B31738517F7142100B21FF4 /* SharedDocumentHandler.m */; };
		8B31738F17F72B7C00B21FF4 /* PhotosCDTVC.m in Sources */ = {isa = PBXBuildFile; fileRef = 8B31738E17F72B7C00B21FF4 /* PhotosCDTVC.m */; };
		8B31739217F72C3D00B21FF4 /* RecentPhotosCDTVC.m in Sources */ = {isa = PBXBuildFile; fileRef = 8B31739117F72C3D00B21FF4 /* RecentPhotosCDTVC.m */; };
		8B31739517F8B26E00B21FF4 /* MainTabBarController.m in Sources */ = {isa = PBXBuildFile; fileRef = 8B31739417F8B26E00B21FF4 /* MainTabBarController.m */; };
		8B3173A217F8DCFA00B21FF4 /* Photo.m in Sources */ = {isa = PBXBuildFile; fileRef = 8B3173A117F8DCFA00B21FF4 /* Photo.m */; };
		8B3173A517F8EA0C00B21FF4 /* Tag.m in Sources */ = {isa = PBXBuildFile; fileRef = 8B3173A417F8EA0C00B21FF4 /* Tag.m */; };
		8B45CF4E17F2DC4D009F316B /* UIApplication+NetworkActivity.m in Sources */ = {isa = PBXBuildFile; fileRef = 8B45CF4D17F2DC4D009F316B /* UIApplication+NetworkActivity.m */; };
		8B6B69EB17EF9985008475C2 /* iPad.storyboard in Resources */ = {isa = PBXBuildFile; fileRef = 8B6B69EA17EF9985008475C2 /* iPad.storyboard */; };
		8B6B69EE17EFA202008475C2 /* AttributedStringVC.m in Sources */ = {isa = PBXBuildFile; fileRef = 8B6B69ED17EFA202008475C2 /* AttributedStringVC.m */; };
		8BAC42BF17EA46F400A9CC7C /* UIKit.framework in Frameworks */ = {isa = PBXBuildFile; fileRef = 8BAC42BE17EA46F400A9CC7C /* UIKit.framework */; };
		8BAC42C117EA46F400A9CC7C /* Foundation.framework in Frameworks */ = {isa = PBXBuildFile; fileRef = 8BAC42C017EA46F400A9CC7C /* Foundation.framework */; };
		8BAC42C317EA46F400A9CC7C /* CoreGraphics.framework in Frameworks */ = {isa = PBXBuildFile; fileRef = 8BAC42C217EA46F400A9CC7C /* CoreGraphics.framework */; };
		8BAC42C917EA46F400A9CC7C /* InfoPlist.strings in Resources */ = {isa = PBXBuildFile; fileRef = 8BAC42C717EA46F400A9CC7C /* InfoPlist.strings */; };
		8BAC42CB17EA46F400A9CC7C /* main.m in Sources */ = {isa = PBXBuildFile; fileRef = 8BAC42CA17EA46F400A9CC7C /* main.m */; };
		8BAC42CF17EA46F400A9CC7C /* AppDelegate.m in Sources */ = {isa = PBXBuildFile; fileRef = 8BAC42CE17EA46F400A9CC7C /* AppDelegate.m */; };
		8BAC42D117EA46F400A9CC7C /* Default.png in Resources */ = {isa = PBXBuildFile; fileRef = 8BAC42D017EA46F400A9CC7C /* Default.png */; };
		8BAC42D317EA46F400A9CC7C /* Default@2x.png in Resources */ = {isa = PBXBuildFile; fileRef = 8BAC42D217EA46F400A9CC7C /* Default@2x.png */; };
		8BAC42D517EA46F400A9CC7C /* Default-568h@2x.png in Resources */ = {isa = PBXBuildFile; fileRef = 8BAC42D417EA46F400A9CC7C /* Default-568h@2x.png */; };
		8BAC42D817EA46F400A9CC7C /* iPhone.storyboard in Resources */ = {isa = PBXBuildFile; fileRef = 8BAC42D617EA46F400A9CC7C /* iPhone.storyboard */; };
		8BAC42E317EA49F900A9CC7C /* ImageViewController.m in Sources */ = {isa = PBXBuildFile; fileRef = 8BAC42E217EA49F900A9CC7C /* ImageViewController.m */; };
		8BAC42EE17EA53B400A9CC7C /* FlickrFetcher.m in Sources */ = {isa = PBXBuildFile; fileRef = 8BAC42ED17EA53B400A9CC7C /* FlickrFetcher.m */; };
/* End PBXBuildFile section */

/* Begin PBXFileReference section */
		8B31733D17F370A800B21FF4 /* DataCacher.h */ = {isa = PBXFileReference; fileEncoding = 4; lastKnownFileType = sourcecode.c.h; path = DataCacher.h; sourceTree = "<group>"; };
		8B31733E17F370A800B21FF4 /* DataCacher.m */ = {isa = PBXFileReference; fileEncoding = 4; lastKnownFileType = sourcecode.c.objc; path = DataCacher.m; sourceTree = "<group>"; };
		8B31734A17F637AD00B21FF4 /* SPoT.xcdatamodel */ = {isa = PBXFileReference; lastKnownFileType = wrapper.xcdatamodel; path = SPoT.xcdatamodel; sourceTree = "<group>"; };
		8B31734F17F639B800B21FF4 /* CoreData.framework */ = {isa = PBXFileReference; lastKnownFileType = wrapper.framework; name = CoreData.framework; path = System/Library/Frameworks/CoreData.framework; sourceTree = SDKROOT; };
		8B31735D17F63C9B00B21FF4 /* Photo+Flickr.h */ = {isa = PBXFileReference; fileEncoding = 4; lastKnownFileType = sourcecode.c.h; path = "Photo+Flickr.h"; sourceTree = "<group>"; };
		8B31735E17F63C9B00B21FF4 /* Photo+Flickr.m */ = {isa = PBXFileReference; fileEncoding = 4; lastKnownFileType = sourcecode.c.objc; path = "Photo+Flickr.m"; sourceTree = "<group>"; };
		8B31736617F642CB00B21FF4 /* Tag+Create.h */ = {isa = PBXFileReference; fileEncoding = 4; lastKnownFileType = sourcecode.c.h; path = "Tag+Create.h"; sourceTree = "<group>"; };
		8B31736717F642CB00B21FF4 /* Tag+Create.m */ = {isa = PBXFileReference; fileEncoding = 4; lastKnownFileType = sourcecode.c.objc; path = "Tag+Create.m"; sourceTree = "<group>"; };
		8B31736F17F65FF500B21FF4 /* CoreDataTableViewController.h */ = {isa = PBXFileReference; fileEncoding = 4; lastKnownFileType = sourcecode.c.h; path = CoreDataTableViewController.h; sourceTree = "<group>"; };
		8B31737017F65FF500B21FF4 /* CoreDataTableViewController.m */ = {isa = PBXFileReference; fileEncoding = 4; lastKnownFileType = sourcecode.c.objc; path = CoreDataTableViewController.m; sourceTree = "<group>"; };
		8B31737217F6607500B21FF4 /* TagsCDTVC.h */ = {isa = PBXFileReference; fileEncoding = 4; lastKnownFileType = sourcecode.c.h; path = TagsCDTVC.h; sourceTree = "<group>"; };
		8B31737317F6607500B21FF4 /* TagsCDTVC.m */ = {isa = PBXFileReference; fileEncoding = 4; lastKnownFileType = sourcecode.c.objc; path = TagsCDTVC.m; sourceTree = "<group>"; };
		8B31737517F6668800B21FF4 /* StanfordTagsCDTVC.h */ = {isa = PBXFileReference; fileEncoding = 4; lastKnownFileType = sourcecode.c.h; path = StanfordTagsCDTVC.h; sourceTree = "<group>"; };
		8B31737617F6668800B21FF4 /* StanfordTagsCDTVC.m */ = {isa = PBXFileReference; fileEncoding = 4; lastKnownFileType = sourcecode.c.objc; path = StanfordTagsCDTVC.m; sourceTree = "<group>"; };
		8B31737817F66C4400B21FF4 /* PhotosWithTagsCDTVC.h */ = {isa = PBXFileReference; fileEncoding = 4; lastKnownFileType = sourcecode.c.h; path = PhotosWithTagsCDTVC.h; sourceTree = "<group>"; };
		8B31737917F66C4400B21FF4 /* PhotosWithTagsCDTVC.m */ = {isa = PBXFileReference; fileEncoding = 4; lastKnownFileType = sourcecode.c.objc; path = PhotosWithTagsCDTVC.m; sourceTree = "<group>"; };
		8B31738417F7142100B21FF4 /* SharedDocumentHandler.h */ = {isa = PBXFileReference; fileEncoding = 4; lastKnownFileType = sourcecode.c.h; path = SharedDocumentHandler.h; sourceTree = "<group>"; };
		8B31738517F7142100B21FF4 /* SharedDocumentHandler.m */ = {isa = PBXFileReference; fileEncoding = 4; lastKnownFileType = sourcecode.c.objc; path = SharedDocumentHandler.m; sourceTree = "<group>"; };
		8B31738D17F72B7C00B21FF4 /* PhotosCDTVC.h */ = {isa = PBXFileReference; fileEncoding = 4; lastKnownFileType = sourcecode.c.h; path = PhotosCDTVC.h; sourceTree = "<group>"; };
		8B31738E17F72B7C00B21FF4 /* PhotosCDTVC.m */ = {isa = PBXFileReference; fileEncoding = 4; lastKnownFileType = sourcecode.c.objc; path = PhotosCDTVC.m; sourceTree = "<group>"; };
		8B31739017F72C3D00B21FF4 /* RecentPhotosCDTVC.h */ = {isa = PBXFileReference; fileEncoding = 4; lastKnownFileType = sourcecode.c.h; path = RecentPhotosCDTVC.h; sourceTree = "<group>"; };
		8B31739117F72C3D00B21FF4 /* RecentPhotosCDTVC.m */ = {isa = PBXFileReference; fileEncoding = 4; lastKnownFileType = sourcecode.c.objc; path = RecentPhotosCDTVC.m; sourceTree = "<group>"; };
		8B31739317F8B26E00B21FF4 /* MainTabBarController.h */ = {isa = PBXFileReference; fileEncoding = 4; lastKnownFileType = sourcecode.c.h; path = MainTabBarController.h; sourceTree = "<group>"; };
		8B31739417F8B26E00B21FF4 /* MainTabBarController.m */ = {isa = PBXFileReference; fileEncoding = 4; lastKnownFileType = sourcecode.c.objc; path = MainTabBarController.m; sourceTree = "<group>"; };
		8B31739617F8C13D00B21FF4 /* SplitViewBarButtonItemPresenter.h */ = {isa = PBXFileReference; fileEncoding = 4; lastKnownFileType = sourcecode.c.h; path = SplitViewBarButtonItemPresenter.h; sourceTree = "<group>"; };
		8B3173A017F8DCFA00B21FF4 /* Photo.h */ = {isa = PBXFileReference; fileEncoding = 4; lastKnownFileType = sourcecode.c.h; path = Photo.h; sourceTree = "<group>"; };
		8B3173A117F8DCFA00B21FF4 /* Photo.m */ = {isa = PBXFileReference; fileEncoding = 4; lastKnownFileType = sourcecode.c.objc; path = Photo.m; sourceTree = "<group>"; };
		8B3173A317F8EA0C00B21FF4 /* Tag.h */ = {isa = PBXFileReference; fileEncoding = 4; lastKnownFileType = sourcecode.c.h; path = Tag.h; sourceTree = "<group>"; };
		8B3173A417F8EA0C00B21FF4 /* Tag.m */ = {isa = PBXFileReference; fileEncoding = 4; lastKnownFileType = sourcecode.c.objc; path = Tag.m; sourceTree = "<group>"; };
		8B45CF4C17F2DC4D009F316B /* UIApplication+NetworkActivity.h */ = {isa = PBXFileReference; fileEncoding = 4; lastKnownFileType = sourcecode.c.h; path = "UIApplication+NetworkActivity.h"; sourceTree = "<group>"; };
		8B45CF4D17F2DC4D009F316B /* UIApplication+NetworkActivity.m */ = {isa = PBXFileReference; fileEncoding = 4; lastKnownFileType = sourcecode.c.objc; path = "UIApplication+NetworkActivity.m"; sourceTree = "<group>"; };
		8B6B69EA17EF9985008475C2 /* iPad.storyboard */ = {isa = PBXFileReference; fileEncoding = 4; lastKnownFileType = file.storyboard; path = iPad.storyboard; sourceTree = "<group>"; };
		8B6B69EC17EFA202008475C2 /* AttributedStringVC.h */ = {isa = PBXFileReference; fileEncoding = 4; lastKnownFileType = sourcecode.c.h; path = AttributedStringVC.h; sourceTree = "<group>"; };
		8B6B69ED17EFA202008475C2 /* AttributedStringVC.m */ = {isa = PBXFileReference; fileEncoding = 4; lastKnownFileType = sourcecode.c.objc; path = AttributedStringVC.m; sourceTree = "<group>"; };
		8BAC42BB17EA46F400A9CC7C /* SPoT.app */ = {isa = PBXFileReference; explicitFileType = wrapper.application; includeInIndex = 0; path = SPoT.app; sourceTree = BUILT_PRODUCTS_DIR; };
		8BAC42BE17EA46F400A9CC7C /* UIKit.framework */ = {isa = PBXFileReference; lastKnownFileType = wrapper.framework; name = UIKit.framework; path = System/Library/Frameworks/UIKit.framework; sourceTree = SDKROOT; };
		8BAC42C017EA46F400A9CC7C /* Foundation.framework */ = {isa = PBXFileReference; lastKnownFileType = wrapper.framework; name = Foundation.framework; path = System/Library/Frameworks/Foundation.framework; sourceTree = SDKROOT; };
		8BAC42C217EA46F400A9CC7C /* CoreGraphics.framework */ = {isa = PBXFileReference; lastKnownFileType = wrapper.framework; name = CoreGraphics.framework; path = System/Library/Frameworks/CoreGraphics.framework; sourceTree = SDKROOT; };
		8BAC42C617EA46F400A9CC7C /* SPoT-Info.plist */ = {isa = PBXFileReference; lastKnownFileType = text.plist.xml; path = "SPoT-Info.plist"; sourceTree = "<group>"; };
		8BAC42C817EA46F400A9CC7C /* en */ = {isa = PBXFileReference; lastKnownFileType = text.plist.strings; name = en; path = en.lproj/InfoPlist.strings; sourceTree = "<group>"; };
		8BAC42CA17EA46F400A9CC7C /* main.m */ = {isa = PBXFileReference; lastKnownFileType = sourcecode.c.objc; path = main.m; sourceTree = "<group>"; };
		8BAC42CC17EA46F400A9CC7C /* SPoT-Prefix.pch */ = {isa = PBXFileReference; lastKnownFileType = sourcecode.c.h; path = "SPoT-Prefix.pch"; sourceTree = "<group>"; };
		8BAC42CD17EA46F400A9CC7C /* AppDelegate.h */ = {isa = PBXFileReference; lastKnownFileType = sourcecode.c.h; path = AppDelegate.h; sourceTree = "<group>"; };
		8BAC42CE17EA46F400A9CC7C /* AppDelegate.m */ = {isa = PBXFileReference; lastKnownFileType = sourcecode.c.objc; path = AppDelegate.m; sourceTree = "<group>"; };
		8BAC42D017EA46F400A9CC7C /* Default.png */ = {isa = PBXFileReference; lastKnownFileType = image.png; path = Default.png; sourceTree = "<group>"; };
		8BAC42D217EA46F400A9CC7C /* Default@2x.png */ = {isa = PBXFileReference; lastKnownFileType = image.png; path = "Default@2x.png"; sourceTree = "<group>"; };
		8BAC42D417EA46F400A9CC7C /* Default-568h@2x.png */ = {isa = PBXFileReference; lastKnownFileType = image.png; path = "Default-568h@2x.png"; sourceTree = "<group>"; };
		8BAC42D717EA46F400A9CC7C /* en */ = {isa = PBXFileReference; lastKnownFileType = file.storyboard; name = en; path = en.lproj/iPhone.storyboard; sourceTree = "<group>"; };
		8BAC42E117EA49F900A9CC7C /* ImageViewController.h */ = {isa = PBXFileReference; fileEncoding = 4; lastKnownFileType = sourcecode.c.h; path = ImageViewController.h; sourceTree = "<group>"; };
		8BAC42E217EA49F900A9CC7C /* ImageViewController.m */ = {isa = PBXFileReference; fileEncoding = 4; lastKnownFileType = sourcecode.c.objc; path = ImageViewController.m; sourceTree = "<group>"; };
		8BAC42EB17EA53B400A9CC7C /* FlickrAPIKey.h */ = {isa = PBXFileReference; fileEncoding = 4; lastKnownFileType = sourcecode.c.h; path = FlickrAPIKey.h; sourceTree = "<group>"; };
		8BAC42EC17EA53B400A9CC7C /* FlickrFetcher.h */ = {isa = PBXFileReference; fileEncoding = 4; lastKnownFileType = sourcecode.c.h; path = FlickrFetcher.h; sourceTree = "<group>"; };
		8BAC42ED17EA53B400A9CC7C /* FlickrFetcher.m */ = {isa = PBXFileReference; fileEncoding = 4; lastKnownFileType = sourcecode.c.objc; path = FlickrFetcher.m; sourceTree = "<group>"; };
/* End PBXFileReference section */

/* Begin PBXFrameworksBuildPhase section */
		8BAC42B817EA46F400A9CC7C /* Frameworks */ = {
			isa = PBXFrameworksBuildPhase;
			buildActionMask = 2147483647;
			files = (
				8B31735017F639B800B21FF4 /* CoreData.framework in Frameworks */,
				8BAC42BF17EA46F400A9CC7C /* UIKit.framework in Frameworks */,
				8BAC42C117EA46F400A9CC7C /* Foundation.framework in Frameworks */,
				8BAC42C317EA46F400A9CC7C /* CoreGraphics.framework in Frameworks */,
			);
			runOnlyForDeploymentPostprocessing = 0;
		};
/* End PBXFrameworksBuildPhase section */

/* Begin PBXGroup section */
		8B31734C17F6381200B21FF4 /* ImageViewController */ = {
			isa = PBXGroup;
			children = (
				8BAC42E117EA49F900A9CC7C /* ImageViewController.h */,
				8BAC42E217EA49F900A9CC7C /* ImageViewController.m */,
				8B6B69EC17EFA202008475C2 /* AttributedStringVC.h */,
				8B6B69ED17EFA202008475C2 /* AttributedStringVC.m */,
			);
			name = ImageViewController;
			sourceTree = "<group>";
		};
		8B31734D17F6383D00B21FF4 /* CoreData */ = {
			isa = PBXGroup;
			children = (
				8B31734917F637AD00B21FF4 /* SPoT.xcdatamodeld */,
				8B3173A017F8DCFA00B21FF4 /* Photo.h */,
				8B3173A117F8DCFA00B21FF4 /* Photo.m */,
				8B31735D17F63C9B00B21FF4 /* Photo+Flickr.h */,
				8B31735E17F63C9B00B21FF4 /* Photo+Flickr.m */,
				8B3173A317F8EA0C00B21FF4 /* Tag.h */,
				8B3173A417F8EA0C00B21FF4 /* Tag.m */,
				8B31736617F642CB00B21FF4 /* Tag+Create.h */,
				8B31736717F642CB00B21FF4 /* Tag+Create.m */,
				8B31738417F7142100B21FF4 /* SharedDocumentHandler.h */,
				8B31738517F7142100B21FF4 /* SharedDocumentHandler.m */,
				8B31736F17F65FF500B21FF4 /* CoreDataTableViewController.h */,
				8B31737017F65FF500B21FF4 /* CoreDataTableViewController.m */,
			);
			name = CoreData;
			sourceTree = "<group>";
		};
		8B31734E17F6385300B21FF4 /* Helpers */ = {
			isa = PBXGroup;
			children = (
				8B31739617F8C13D00B21FF4 /* SplitViewBarButtonItemPresenter.h */,
				8B45CF4C17F2DC4D009F316B /* UIApplication+NetworkActivity.h */,
				8B45CF4D17F2DC4D009F316B /* UIApplication+NetworkActivity.m */,
				8B31733D17F370A800B21FF4 /* DataCacher.h */,
				8B31733E17F370A800B21FF4 /* DataCacher.m */,
			);
			name = Helpers;
			sourceTree = "<group>";
		};
		8BAC42B217EA46F300A9CC7C = {
			isa = PBXGroup;
			children = (
				8BAC42C417EA46F400A9CC7C /* SPoT */,
				8BAC42BD17EA46F400A9CC7C /* Frameworks */,
				8BAC42BC17EA46F400A9CC7C /* Products */,
			);
			sourceTree = "<group>";
		};
		8BAC42BC17EA46F400A9CC7C /* Products */ = {
			isa = PBXGroup;
			children = (
				8BAC42BB17EA46F400A9CC7C /* SPoT.app */,
			);
			name = Products;
			sourceTree = "<group>";
		};
		8BAC42BD17EA46F400A9CC7C /* Frameworks */ = {
			isa = PBXGroup;
			children = (
				8B31734F17F639B800B21FF4 /* CoreData.framework */,
				8BAC42BE17EA46F400A9CC7C /* UIKit.framework */,
				8BAC42C017EA46F400A9CC7C /* Foundation.framework */,
				8BAC42C217EA46F400A9CC7C /* CoreGraphics.framework */,
			);
			name = Frameworks;
			sourceTree = "<group>";
		};
		8BAC42C417EA46F400A9CC7C /* SPoT */ = {
			isa = PBXGroup;
			children = (
				8BAC42D617EA46F400A9CC7C /* iPhone.storyboard */,
				8B6B69EA17EF9985008475C2 /* iPad.storyboard */,
				8B31737217F6607500B21FF4 /* TagsCDTVC.h */,
				8B31737317F6607500B21FF4 /* TagsCDTVC.m */,
				8B31737517F6668800B21FF4 /* StanfordTagsCDTVC.h */,
				8B31737617F6668800B21FF4 /* StanfordTagsCDTVC.m */,
				8B31738D17F72B7C00B21FF4 /* PhotosCDTVC.h */,
				8B31738E17F72B7C00B21FF4 /* PhotosCDTVC.m */,
				8B31739317F8B26E00B21FF4 /* MainTabBarController.h */,
				8B31739417F8B26E00B21FF4 /* MainTabBarController.m */,
				8B31737817F66C4400B21FF4 /* PhotosWithTagsCDTVC.h */,
				8B31737917F66C4400B21FF4 /* PhotosWithTagsCDTVC.m */,
				8B31739017F72C3D00B21FF4 /* RecentPhotosCDTVC.h */,
				8B31739117F72C3D00B21FF4 /* RecentPhotosCDTVC.m */,
				8B31734D17F6383D00B21FF4 /* CoreData */,
				8B31734C17F6381200B21FF4 /* ImageViewController */,
				8B31734E17F6385300B21FF4 /* Helpers */,
				8BAC42EA17EA53B400A9CC7C /* FlickrFetcher */,
				8BAC42C517EA46F400A9CC7C /* Supporting Files */,
			);
			path = SPoT;
			sourceTree = "<group>";
		};
		8BAC42C517EA46F400A9CC7C /* Supporting Files */ = {
			isa = PBXGroup;
			children = (
				8BAC42CD17EA46F400A9CC7C /* AppDelegate.h */,
				8BAC42CE17EA46F400A9CC7C /* AppDelegate.m */,
				8BAC42C617EA46F400A9CC7C /* SPoT-Info.plist */,
				8BAC42C717EA46F400A9CC7C /* InfoPlist.strings */,
				8BAC42CA17EA46F400A9CC7C /* main.m */,
				8BAC42CC17EA46F400A9CC7C /* SPoT-Prefix.pch */,
				8BAC42D017EA46F400A9CC7C /* Default.png */,
				8BAC42D217EA46F400A9CC7C /* Default@2x.png */,
				8BAC42D417EA46F400A9CC7C /* Default-568h@2x.png */,
			);
			name = "Supporting Files";
			sourceTree = "<group>";
		};
		8BAC42EA17EA53B400A9CC7C /* FlickrFetcher */ = {
			isa = PBXGroup;
			children = (
				8BAC42EB17EA53B400A9CC7C /* FlickrAPIKey.h */,
				8BAC42EC17EA53B400A9CC7C /* FlickrFetcher.h */,
				8BAC42ED17EA53B400A9CC7C /* FlickrFetcher.m */,
			);
			path = FlickrFetcher;
			sourceTree = "<group>";
		};
/* End PBXGroup section */

/* Begin PBXNativeTarget section */
		8BAC42BA17EA46F400A9CC7C /* SPoT */ = {
			isa = PBXNativeTarget;
			buildConfigurationList = 8BAC42DE17EA46F400A9CC7C /* Build configuration list for PBXNativeTarget "SPoT" */;
			buildPhases = (
				8BAC42B717EA46F400A9CC7C /* Sources */,
				8BAC42B817EA46F400A9CC7C /* Frameworks */,
				8BAC42B917EA46F400A9CC7C /* Resources */,
			);
			buildRules = (
			);
			dependencies = (
			);
			name = SPoT;
			productName = SPoT;
			productReference = 8BAC42BB17EA46F400A9CC7C /* SPoT.app */;
			productType = "com.apple.product-type.application";
		};
/* End PBXNativeTarget section */

/* Begin PBXProject section */
		8BAC42B317EA46F300A9CC7C /* Project object */ = {
			isa = PBXProject;
			attributes = {
				LastUpgradeCheck = 0460;
				ORGANIZATIONNAME = tadija;
			};
			buildConfigurationList = 8BAC42B617EA46F300A9CC7C /* Build configuration list for PBXProject "SPoT" */;
			compatibilityVersion = "Xcode 3.2";
			developmentRegion = English;
			hasScannedForEncodings = 0;
			knownRegions = (
				en,
			);
			mainGroup = 8BAC42B217EA46F300A9CC7C;
			productRefGroup = 8BAC42BC17EA46F400A9CC7C /* Products */;
			projectDirPath = "";
			projectRoot = "";
			targets = (
				8BAC42BA17EA46F400A9CC7C /* SPoT */,
			);
		};
/* End PBXProject section */

/* Begin PBXResourcesBuildPhase section */
		8BAC42B917EA46F400A9CC7C /* Resources */ = {
			isa = PBXResourcesBuildPhase;
			buildActionMask = 2147483647;
			files = (
				8BAC42C917EA46F400A9CC7C /* InfoPlist.strings in Resources */,
				8BAC42D117EA46F400A9CC7C /* Default.png in Resources */,
				8BAC42D317EA46F400A9CC7C /* Default@2x.png in Resources */,
				8BAC42D517EA46F400A9CC7C /* Default-568h@2x.png in Resources */,
				8B6B69EB17EF9985008475C2 /* iPad.storyboard in Resources */,
				8BAC42D817EA46F400A9CC7C /* iPhone.storyboard in Resources */,
			);
			runOnlyForDeploymentPostprocessing = 0;
		};
/* End PBXResourcesBuildPhase section */

/* Begin PBXSourcesBuildPhase section */
		8BAC42B717EA46F400A9CC7C /* Sources */ = {
			isa = PBXSourcesBuildPhase;
			buildActionMask = 2147483647;
			files = (
				8B31735F17F63C9B00B21FF4 /* Photo+Flickr.m in Sources */,
				8B31736817F642CB00B21FF4 /* Tag+Create.m in Sources */,
				8B31739217F72C3D00B21FF4 /* RecentPhotosCDTVC.m in Sources */,
				8BAC42CB17EA46F400A9CC7C /* main.m in Sources */,
				8B3173A517F8EA0C00B21FF4 /* Tag.m in Sources */,
				8BAC42CF17EA46F400A9CC7C /* AppDelegate.m in Sources */,
				8B31739517F8B26E00B21FF4 /* MainTabBarController.m in Sources */,
				8BAC42E317EA49F900A9CC7C /* ImageViewController.m in Sources */,
				8B3173A217F8DCFA00B21FF4 /* Photo.m in Sources */,
				8B31738F17F72B7C00B21FF4 /* PhotosCDTVC.m in Sources */,
				8B31733F17F370A800B21FF4 /* DataCacher.m in Sources */,
				8B31737117F65FF500B21FF4 /* CoreDataTableViewController.m in Sources */,
				8BAC42EE17EA53B400A9CC7C /* FlickrFetcher.m in Sources */,
				8B45CF4E17F2DC4D009F316B /* UIApplication+NetworkActivity.m in Sources */,
				8B31738617F7142100B21FF4 /* SharedDocumentHandler.m in Sources */,
				8B31737417F6607500B21FF4 /* TagsCDTVC.m in Sources */,
				8B31737A17F66C4400B21FF4 /* PhotosWithTagsCDTVC.m in Sources */,
				8B6B69EE17EFA202008475C2 /* AttributedStringVC.m in Sources */,
				8B31734B17F637AD00B21FF4 /* SPoT.xcdatamodeld in Sources */,
				8B31737717F6668800B21FF4 /* StanfordTagsCDTVC.m in Sources */,
			);
			runOnlyForDeploymentPostprocessing = 0;
		};
/* End PBXSourcesBuildPhase section */

/* Begin PBXVariantGroup section */
		8BAC42C717EA46F400A9CC7C /* InfoPlist.strings */ = {
			isa = PBXVariantGroup;
			children = (
				8BAC42C817EA46F400A9CC7C /* en */,
			);
			name = InfoPlist.strings;
			sourceTree = "<group>";
		};
		8BAC42D617EA46F400A9CC7C /* iPhone.storyboard */ = {
			isa = PBXVariantGroup;
			children = (
				8BAC42D717EA46F400A9CC7C /* en */,
			);
			name = iPhone.storyboard;
			sourceTree = "<group>";
		};
/* End PBXVariantGroup section */

/* Begin XCBuildConfiguration section */
		8BAC42DC17EA46F400A9CC7C /* Debug */ = {
			isa = XCBuildConfiguration;
			buildSettings = {
				ALWAYS_SEARCH_USER_PATHS = NO;
				CLANG_CXX_LANGUAGE_STANDARD = "gnu++0x";
				CLANG_CXX_LIBRARY = "libc++";
				CLANG_ENABLE_OBJC_ARC = YES;
				CLANG_WARN_CONSTANT_CONVERSION = YES;
				CLANG_WARN_EMPTY_BODY = YES;
				CLANG_WARN_ENUM_CONVERSION = YES;
				CLANG_WARN_INT_CONVERSION = YES;
				CLANG_WARN__DUPLICATE_METHOD_MATCH = YES;
				"CODE_SIGN_IDENTITY[sdk=iphoneos*]" = "iPhone Developer";
				COPY_PHASE_STRIP = NO;
				GCC_C_LANGUAGE_STANDARD = gnu99;
				GCC_DYNAMIC_NO_PIC = NO;
				GCC_OPTIMIZATION_LEVEL = 0;
				GCC_PREPROCESSOR_DEFINITIONS = (
					"DEBUG=1",
					"$(inherited)",
				);
				GCC_SYMBOLS_PRIVATE_EXTERN = NO;
				GCC_WARN_ABOUT_RETURN_TYPE = YES;
				GCC_WARN_UNINITIALIZED_AUTOS = YES;
				GCC_WARN_UNUSED_VARIABLE = YES;
				IPHONEOS_DEPLOYMENT_TARGET = 6.1;
				ONLY_ACTIVE_ARCH = YES;
				SDKROOT = iphoneos;
			};
			name = Debug;
		};
		8BAC42DD17EA46F400A9CC7C /* Release */ = {
			isa = XCBuildConfiguration;
			buildSettings = {
				ALWAYS_SEARCH_USER_PATHS = NO;
				CLANG_CXX_LANGUAGE_STANDARD = "gnu++0x";
				CLANG_CXX_LIBRARY = "libc++";
				CLANG_ENABLE_OBJC_ARC = YES;
				CLANG_WARN_CONSTANT_CONVERSION = YES;
				CLANG_WARN_EMPTY_BODY = YES;
				CLANG_WARN_ENUM_CONVERSION = YES;
				CLANG_WARN_INT_CONVERSION = YES;
				CLANG_WARN__DUPLICATE_METHOD_MATCH = YES;
				"CODE_SIGN_IDENTITY[sdk=iphoneos*]" = "iPhone Developer";
				COPY_PHASE_STRIP = YES;
				GCC_C_LANGUAGE_STANDARD = gnu99;
				GCC_WARN_ABOUT_RETURN_TYPE = YES;
				GCC_WARN_UNINITIALIZED_AUTOS = YES;
				GCC_WARN_UNUSED_VARIABLE = YES;
				IPHONEOS_DEPLOYMENT_TARGET = 6.1;
				OTHER_CFLAGS = "-DNS_BLOCK_ASSERTIONS=1";
				SDKROOT = iphoneos;
				VALIDATE_PRODUCT = YES;
			};
			name = Release;
		};
		8BAC42DF17EA46F400A9CC7C /* Debug */ = {
			isa = XCBuildConfiguration;
			buildSettings = {
				GCC_PRECOMPILE_PREFIX_HEADER = YES;
				GCC_PREFIX_HEADER = "SPoT/SPoT-Prefix.pch";
				INFOPLIST_FILE = "SPoT/SPoT-Info.plist";
				IPHONEOS_DEPLOYMENT_TARGET = 6.1;
				PRODUCT_NAME = "$(TARGET_NAME)";
				TARGETED_DEVICE_FAMILY = "1,2";
				WRAPPER_EXTENSION = app;
			};
			name = Debug;
		};
		8BAC42E017EA46F400A9CC7C /* Release */ = {
			isa = XCBuildConfiguration;
			buildSettings = {
				GCC_PRECOMPILE_PREFIX_HEADER = YES;
				GCC_PREFIX_HEADER = "SPoT/SPoT-Prefix.pch";
				INFOPLIST_FILE = "SPoT/SPoT-Info.plist";
				IPHONEOS_DEPLOYMENT_TARGET = 6.1;
				PRODUCT_NAME = "$(TARGET_NAME)";
				TARGETED_DEVICE_FAMILY = "1,2";
				WRAPPER_EXTENSION = app;
			};
			name = Release;
		};
/* End XCBuildConfiguration section */

/* Begin XCConfigurationList section */
		8BAC42B617EA46F300A9CC7C /* Build configuration list for PBXProject "SPoT" */ = {
			isa = XCConfigurationList;
			buildConfigurations = (
				8BAC42DC17EA46F400A9CC7C /* Debug */,
				8BAC42DD17EA46F400A9CC7C /* Release */,
			);
			defaultConfigurationIsVisible = 0;
			defaultConfigurationName = Release;
		};
		8BAC42DE17EA46F400A9CC7C /* Build configuration list for PBXNativeTarget "SPoT" */ = {
			isa = XCConfigurationList;
			buildConfigurations = (
				8BAC42DF17EA46F400A9CC7C /* Debug */,
				8BAC42E017EA46F400A9CC7C /* Release */,
			);
			defaultConfigurationIsVisible = 0;
			defaultConfigurationName = Release;
		};
/* End XCConfigurationList section */

/* Begin XCVersionGroup section */
		8B31734917F637AD00B21FF4 /* SPoT.xcdatamodeld */ = {
			isa = XCVersionGroup;
			children = (
				8B31734A17F637AD00B21FF4 /* SPoT.xcdatamodel */,
			);
			currentVersion = 8B31734A17F637AD00B21FF4 /* SPoT.xcdatamodel */;
			path = SPoT.xcdatamodeld;
			sourceTree = "<group>";
			versionGroupType = wrapper.xcdatamodel;
		};
/* End XCVersionGroup section */
	};
	rootObject = 8BAC42B317EA46F300A9CC7C /* Project object */;
}
